
Microsoft Visual Studio Solution File, Format Version 12.00
# Visual Studio Version 17
VisualStudioVersion = 17.13.35825.156
MinimumVisualStudioVersion = 10.0.40219.1
Project("{FAE04EC0-301F-11D3-BF4B-00C04F79EFBC}") = "DataLayer", "DataLayer\DataLayer.csproj", "{B863261D-040E-486E-A21A-3F61BE59B4C2}"
EndProject
Project("{FAE04EC0-301F-11D3-BF4B-00C04F79EFBC}") = "BusinessLayer", "BusinessLayer\BusinessLayer.csproj", "{027537B8-97C3-41AC-87F3-54E1B46DF1C0}"
EndProject
Project("{FAE04EC0-301F-11D3-BF4B-00C04F79EFBC}") = "STOCK", "STOCK\STOCK.csproj", "{C9CBB77C-5F3A-4B67-A5CC-209742F74320}"
EndProject
Project("{FAE04EC0-301F-11D3-BF4B-00C04F79EFBC}") = "USERMANAGEMENT", "USERMANAGEMENT\USERMANAGEMENT.csproj", "{565D8831-7C5E-444D-A36C-DA5DBF864376}"
EndProject
Global
	GlobalSection(SolutionConfigurationPlatforms) = preSolution
		Debug|Any CPU = Debug|Any CPU
		Release|Any CPU = Release|Any CPU
	EndGlobalSection
	GlobalSection(ProjectConfigurationPlatforms) = postSolution
		{B863261D-040E-486E-A21A-3F61BE59B4C2}.Debug|Any CPU.ActiveCfg = Debug|Any CPU
		{B863261D-040E-486E-A21A-3F61BE59B4C2}.Debug|Any CPU.Build.0 = Debug|Any CPU
		{B863261D-040E-486E-A21A-3F61BE59B4C2}.Release|Any CPU.ActiveCfg = Release|Any CPU
		{B863261D-040E-486E-A21A-3F61BE59B4C2}.Release|Any CPU.Build.0 = Release|Any CPU
		{027537B8-97C3-41AC-87F3-54E1B46DF1C0}.Debug|Any CPU.ActiveCfg = Debug|Any CPU
		{027537B8-97C3-41AC-87F3-54E1B46DF1C0}.Debug|Any CPU.Build.0 = Debug|Any CPU
		{027537B8-97C3-41AC-87F3-54E1B46DF1C0}.Release|Any CPU.ActiveCfg = Release|Any CPU
		{027537B8-97C3-41AC-87F3-54E1B46DF1C0}.Release|Any CPU.Build.0 = Release|Any CPU
		{C9CBB77C-5F3A-4B67-A5CC-209742F74320}.Debug|Any CPU.ActiveCfg = Debug|Any CPU
		{C9CBB77C-5F3A-4B67-A5CC-209742F74320}.Debug|Any CPU.Build.0 = Debug|Any CPU
		{C9CBB77C-5F3A-4B67-A5CC-209742F74320}.Release|Any CPU.ActiveCfg = Release|Any CPU
		{C9CBB77C-5F3A-4B67-A5CC-209742F74320}.Release|Any CPU.Build.0 = Release|Any CPU
		{565D8831-7C5E-444D-A36C-DA5DBF864376}.Debug|Any CPU.ActiveCfg = Debug|Any CPU
		{565D8831-7C5E-444D-A36C-DA5DBF864376}.Debug|Any CPU.Build.0 = Debug|Any CPU
		{565D8831-7C5E-444D-A36C-DA5DBF864376}.Release|Any CPU.ActiveCfg = Release|Any CPU
		{565D8831-7C5E-444D-A36C-DA5DBF864376}.Release|Any CPU.Build.0 = Release|Any CPU
	EndGlobalSection
	GlobalSection(SolutionProperties) = preSolution
		HideSolutionNode = FALSE
	EndGlobalSection
	GlobalSection(ExtensibilityGlobals) = postSolution
		SolutionGuid = {460AB836-F258-4A88-AB81-64BEDC14DD1C}
	EndGlobalSection
EndGlobal
